// !$*UTF8*$!
{
	archiveVersion = 1;
	classes = {
	};
	objectVersion = 46;
	objects = {

/* Begin PBXBuildFile section */
		F2F46F281E0EB33E002222CA /* main.m in Sources */ = {isa = PBXBuildFile; fileRef = F2F46F271E0EB33E002222CA /* main.m */; };
		F2F46F2B1E0EB33E002222CA /* AppDelegate.m in Sources */ = {isa = PBXBuildFile; fileRef = F2F46F2A1E0EB33E002222CA /* AppDelegate.m */; };
		F2F46F2E1E0EB33E002222CA /* ViewController.m in Sources */ = {isa = PBXBuildFile; fileRef = F2F46F2D1E0EB33E002222CA /* ViewController.m */; };
		F2F46F311E0EB33E002222CA /* Main.storyboard in Resources */ = {isa = PBXBuildFile; fileRef = F2F46F2F1E0EB33E002222CA /* Main.storyboard */; };
		F2F46F331E0EB33E002222CA /* Assets.xcassets in Resources */ = {isa = PBXBuildFile; fileRef = F2F46F321E0EB33E002222CA /* Assets.xcassets */; };
		F2F46F361E0EB33E002222CA /* LaunchScreen.storyboard in Resources */ = {isa = PBXBuildFile; fileRef = F2F46F341E0EB33E002222CA /* LaunchScreen.storyboard */; };
		F2F46F411E0EB33E002222CA /* MultiLineTextFieldDemoTests.m in Sources */ = {isa = PBXBuildFile; fileRef = F2F46F401E0EB33E002222CA /* MultiLineTextFieldDemoTests.m */; };
		F2F46F4C1E0EB33E002222CA /* MultiLineTextFieldDemoUITests.m in Sources */ = {isa = PBXBuildFile; fileRef = F2F46F4B1E0EB33E002222CA /* MultiLineTextFieldDemoUITests.m */; };
		F2F46F5C1E0EB389002222CA /* TVPlaceholder.m in Sources */ = {isa = PBXBuildFile; fileRef = F2F46F5B1E0EB389002222CA /* TVPlaceholder.m */; };
/* End PBXBuildFile section */

/* Begin PBXContainerItemProxy section */
		F2F46F3D1E0EB33E002222CA /* PBXContainerItemProxy */ = {
			isa = PBXContainerItemProxy;
			containerPortal = F2F46F1B1E0EB33E002222CA /* Project object */;
			proxyType = 1;
			remoteGlobalIDString = F2F46F221E0EB33E002222CA;
			remoteInfo = MultiLineTextFieldDemo;
		};
		F2F46F481E0EB33E002222CA /* PBXContainerItemProxy */ = {
			isa = PBXContainerItemProxy;
			containerPortal = F2F46F1B1E0EB33E002222CA /* Project object */;
			proxyType = 1;
			remoteGlobalIDString = F2F46F221E0EB33E002222CA;
			remoteInfo = MultiLineTextFieldDemo;
		};
/* End PBXContainerItemProxy section */

/* Begin PBXFileReference section */
		F2F46F231E0EB33E002222CA /* MultiLineTextFieldDemo.app */ = {isa = PBXFileReference; explicitFileType = wrapper.application; includeInIndex = 0; path = MultiLineTextFieldDemo.app; sourceTree = BUILT_PRODUCTS_DIR; };
		F2F46F271E0EB33E002222CA /* main.m */ = {isa = PBXFileReference; lastKnownFileType = sourcecode.c.objc; path = main.m; sourceTree = "<group>"; };
		F2F46F291E0EB33E002222CA /* AppDelegate.h */ = {isa = PBXFileReference; lastKnownFileType = sourcecode.c.h; path = AppDelegate.h; sourceTree = "<group>"; };
		F2F46F2A1E0EB33E002222CA /* AppDelegate.m */ = {isa = PBXFileReference; lastKnownFileType = sourcecode.c.objc; path = AppDelegate.m; sourceTree = "<group>"; };
		F2F46F2C1E0EB33E002222CA /* ViewController.h */ = {isa = PBXFileReference; lastKnownFileType = sourcecode.c.h; path = ViewController.h; sourceTree = "<group>"; };
		F2F46F2D1E0EB33E002222CA /* ViewController.m */ = {isa = PBXFileReference; lastKnownFileType = sourcecode.c.objc; path = ViewController.m; sourceTree = "<group>"; };
		F2F46F301E0EB33E002222CA /* Base */ = {isa = PBXFileReference; lastKnownFileType = file.storyboard; name = Base; path = Base.lproj/Main.storyboard; sourceTree = "<group>"; };
		F2F46F321E0EB33E002222CA /* Assets.xcassets */ = {isa = PBXFileReference; lastKnownFileType = folder.assetcatalog; path = Assets.xcassets; sourceTree = "<group>"; };
		F2F46F351E0EB33E002222CA /* Base */ = {isa = PBXFileReference; lastKnownFileType = file.storyboard; name = Base; path = Base.lproj/LaunchScreen.storyboard; sourceTree = "<group>"; };
		F2F46F371E0EB33E002222CA /* Info.plist */ = {isa = PBXFileReference; lastKnownFileType = text.plist.xml; path = Info.plist; sourceTree = "<group>"; };
		F2F46F3C1E0EB33E002222CA /* MultiLineTextFieldDemoTests.xctest */ = {isa = PBXFileReference; explicitFileType = wrapper.cfbundle; includeInIndex = 0; path = MultiLineTextFieldDemoTests.xctest; sourceTree = BUILT_PRODUCTS_DIR; };
		F2F46F401E0EB33E002222CA /* MultiLineTextFieldDemoTests.m */ = {isa = PBXFileReference; lastKnownFileType = sourcecode.c.objc; path = MultiLineTextFieldDemoTests.m; sourceTree = "<group>"; };
		F2F46F421E0EB33E002222CA /* Info.plist */ = {isa = PBXFileReference; lastKnownFileType = text.plist.xml; path = Info.plist; sourceTree = "<group>"; };
		F2F46F471E0EB33E002222CA /* MultiLineTextFieldDemoUITests.xctest */ = {isa = PBXFileReference; explicitFileType = wrapper.cfbundle; includeInIndex = 0; path = MultiLineTextFieldDemoUITests.xctest; sourceTree = BUILT_PRODUCTS_DIR; };
		F2F46F4B1E0EB33E002222CA /* MultiLineTextFieldDemoUITests.m */ = {isa = PBXFileReference; lastKnownFileType = sourcecode.c.objc; path = MultiLineTextFieldDemoUITests.m; sourceTree = "<group>"; };
		F2F46F4D1E0EB33E002222CA /* Info.plist */ = {isa = PBXFileReference; lastKnownFileType = text.plist.xml; path = Info.plist; sourceTree = "<group>"; };
		F2F46F5A1E0EB389002222CA /* TVPlaceholder.h */ = {isa = PBXFileReference; fileEncoding = 4; lastKnownFileType = sourcecode.c.h; path = TVPlaceholder.h; sourceTree = "<group>"; };
		F2F46F5B1E0EB389002222CA /* TVPlaceholder.m */ = {isa = PBXFileReference; fileEncoding = 4; lastKnownFileType = sourcecode.c.objc; path = TVPlaceholder.m; sourceTree = "<group>"; };
/* End PBXFileReference section */

/* Begin PBXFrameworksBuildPhase section */
		F2F46F201E0EB33E002222CA /* Frameworks */ = {
			isa = PBXFrameworksBuildPhase;
			buildActionMask = 2147483647;
			files = (
			);
			runOnlyForDeploymentPostprocessing = 0;
		};
		F2F46F391E0EB33E002222CA /* Frameworks */ = {
			isa = PBXFrameworksBuildPhase;
			buildActionMask = 2147483647;
			files = (
			);
			runOnlyForDeploymentPostprocessing = 0;
		};
		F2F46F441E0EB33E002222CA /* Frameworks */ = {
			isa = PBXFrameworksBuildPhase;
			buildActionMask = 2147483647;
			files = (
			);
			runOnlyForDeploymentPostprocessing = 0;
		};
/* End PBXFrameworksBuildPhase section */

/* Begin PBXGroup section */
		F2F46F1A1E0EB33E002222CA = {
			isa = PBXGroup;
			children = (
				F2F46F251E0EB33E002222CA /* MultiLineTextFieldDemo */,
				F2F46F3F1E0EB33E002222CA /* MultiLineTextFieldDemoTests */,
				F2F46F4A1E0EB33E002222CA /* MultiLineTextFieldDemoUITests */,
				F2F46F241E0EB33E002222CA /* Products */,
			);
			sourceTree = "<group>";
		};
		F2F46F241E0EB33E002222CA /* Products */ = {
			isa = PBXGroup;
			children = (
				F2F46F231E0EB33E002222CA /* MultiLineTextFieldDemo.app */,
				F2F46F3C1E0EB33E002222CA /* MultiLineTextFieldDemoTests.xctest */,
				F2F46F471E0EB33E002222CA /* MultiLineTextFieldDemoUITests.xctest */,
			);
			name = Products;
			sourceTree = "<group>";
		};
		F2F46F251E0EB33E002222CA /* MultiLineTextFieldDemo */ = {
			isa = PBXGroup;
			children = (
				F2F46F591E0EB389002222CA /* TVPlaceholder */,
				F2F46F291E0EB33E002222CA /* AppDelegate.h */,
				F2F46F2A1E0EB33E002222CA /* AppDelegate.m */,
				F2F46F2C1E0EB33E002222CA /* ViewController.h */,
				F2F46F2D1E0EB33E002222CA /* ViewController.m */,
				F2F46F2F1E0EB33E002222CA /* Main.storyboard */,
				F2F46F321E0EB33E002222CA /* Assets.xcassets */,
				F2F46F341E0EB33E002222CA /* LaunchScreen.storyboard */,
				F2F46F371E0EB33E002222CA /* Info.plist */,
				F2F46F261E0EB33E002222CA /* Supporting Files */,
			);
			path = MultiLineTextFieldDemo;
			sourceTree = "<group>";
		};
		F2F46F261E0EB33E002222CA /* Supporting Files */ = {
			isa = PBXGroup;
			children = (
				F2F46F271E0EB33E002222CA /* main.m */,
			);
			name = "Supporting Files";
			sourceTree = "<group>";
		};
		F2F46F3F1E0EB33E002222CA /* MultiLineTextFieldDemoTests */ = {
			isa = PBXGroup;
			children = (
				F2F46F401E0EB33E002222CA /* MultiLineTextFieldDemoTests.m */,
				F2F46F421E0EB33E002222CA /* Info.plist */,
			);
			path = MultiLineTextFieldDemoTests;
			sourceTree = "<group>";
		};
		F2F46F4A1E0EB33E002222CA /* MultiLineTextFieldDemoUITests */ = {
			isa = PBXGroup;
			children = (
				F2F46F4B1E0EB33E002222CA /* MultiLineTextFieldDemoUITests.m */,
				F2F46F4D1E0EB33E002222CA /* Info.plist */,
			);
			path = MultiLineTextFieldDemoUITests;
			sourceTree = "<group>";
		};
		F2F46F591E0EB389002222CA /* TVPlaceholder */ = {
			isa = PBXGroup;
			children = (
				F2F46F5A1E0EB389002222CA /* TVPlaceholder.h */,
				F2F46F5B1E0EB389002222CA /* TVPlaceholder.m */,
			);
			path = TVPlaceholder;
			sourceTree = "<group>";
		};
/* End PBXGroup section */

/* Begin PBXNativeTarget section */
		F2F46F221E0EB33E002222CA /* MultiLineTextFieldDemo */ = {
			isa = PBXNativeTarget;
			buildConfigurationList = F2F46F501E0EB33E002222CA /* Build configuration list for PBXNativeTarget "MultiLineTextFieldDemo" */;
			buildPhases = (
				F2F46F1F1E0EB33E002222CA /* Sources */,
				F2F46F201E0EB33E002222CA /* Frameworks */,
				F2F46F211E0EB33E002222CA /* Resources */,
			);
			buildRules = (
			);
			dependencies = (
			);
			name = MultiLineTextFieldDemo;
			productName = MultiLineTextFieldDemo;
			productReference = F2F46F231E0EB33E002222CA /* MultiLineTextFieldDemo.app */;
			productType = "com.apple.product-type.application";
		};
		F2F46F3B1E0EB33E002222CA /* MultiLineTextFieldDemoTests */ = {
			isa = PBXNativeTarget;
			buildConfigurationList = F2F46F531E0EB33E002222CA /* Build configuration list for PBXNativeTarget "MultiLineTextFieldDemoTests" */;
			buildPhases = (
				F2F46F381E0EB33E002222CA /* Sources */,
				F2F46F391E0EB33E002222CA /* Frameworks */,
				F2F46F3A1E0EB33E002222CA /* Resources */,
			);
			buildRules = (
			);
			dependencies = (
				F2F46F3E1E0EB33E002222CA /* PBXTargetDependency */,
			);
			name = MultiLineTextFieldDemoTests;
			productName = MultiLineTextFieldDemoTests;
			productReference = F2F46F3C1E0EB33E002222CA /* MultiLineTextFieldDemoTests.xctest */;
			productType = "com.apple.product-type.bundle.unit-test";
		};
		F2F46F461E0EB33E002222CA /* MultiLineTextFieldDemoUITests */ = {
			isa = PBXNativeTarget;
			buildConfigurationList = F2F46F561E0EB33E002222CA /* Build configuration list for PBXNativeTarget "MultiLineTextFieldDemoUITests" */;
			buildPhases = (
				F2F46F431E0EB33E002222CA /* Sources */,
				F2F46F441E0EB33E002222CA /* Frameworks */,
				F2F46F451E0EB33E002222CA /* Resources */,
			);
			buildRules = (
			);
			dependencies = (
				F2F46F491E0EB33E002222CA /* PBXTargetDependency */,
			);
			name = MultiLineTextFieldDemoUITests;
			productName = MultiLineTextFieldDemoUITests;
			productReference = F2F46F471E0EB33E002222CA /* MultiLineTextFieldDemoUITests.xctest */;
			productType = "com.apple.product-type.bundle.ui-testing";
		};
/* End PBXNativeTarget section */

/* Begin PBXProject section */
		F2F46F1B1E0EB33E002222CA /* Project object */ = {
			isa = PBXProject;
			attributes = {
				LastUpgradeCheck = 0810;
				ORGANIZATIONNAME = "陈东芝";
				TargetAttributes = {
					F2F46F221E0EB33E002222CA = {
						CreatedOnToolsVersion = 8.1;
						DevelopmentTeam = 3G8327GJ7X;
						ProvisioningStyle = Automatic;
					};
					F2F46F3B1E0EB33E002222CA = {
						CreatedOnToolsVersion = 8.1;
						DevelopmentTeam = 3G8327GJ7X;
						ProvisioningStyle = Automatic;
						TestTargetID = F2F46F221E0EB33E002222CA;
					};
					F2F46F461E0EB33E002222CA = {
						CreatedOnToolsVersion = 8.1;
						DevelopmentTeam = 3G8327GJ7X;
						ProvisioningStyle = Automatic;
						TestTargetID = F2F46F221E0EB33E002222CA;
					};
				};
			};
			buildConfigurationList = F2F46F1E1E0EB33E002222CA /* Build configuration list for PBXProject "MultiLineTextFieldDemo" */;
			compatibilityVersion = "Xcode 3.2";
			developmentRegion = English;
			hasScannedForEncodings = 0;
			knownRegions = (
				en,
				Base,
			);
			mainGroup = F2F46F1A1E0EB33E002222CA;
			productRefGroup = F2F46F241E0EB33E002222CA /* Products */;
			projectDirPath = "";
			projectRoot = "";
			targets = (
				F2F46F221E0EB33E002222CA /* MultiLineTextFieldDemo */,
				F2F46F3B1E0EB33E002222CA /* MultiLineTextFieldDemoTests */,
				F2F46F461E0EB33E002222CA /* MultiLineTextFieldDemoUITests */,
			);
		};
/* End PBXProject section */

/* Begin PBXResourcesBuildPhase section */
		F2F46F211E0EB33E002222CA /* Resources */ = {
			isa = PBXResourcesBuildPhase;
			buildActionMask = 2147483647;
			files = (
				F2F46F361E0EB33E002222CA /* LaunchScreen.storyboard in Resources */,
				F2F46F331E0EB33E002222CA /* Assets.xcassets in Resources */,
				F2F46F311E0EB33E002222CA /* Main.storyboard in Resources */,
			);
			runOnlyForDeploymentPostprocessing = 0;
		};
		F2F46F3A1E0EB33E002222CA /* Resources */ = {
			isa = PBXResourcesBuildPhase;
			buildActionMask = 2147483647;
			files = (
			);
			runOnlyForDeploymentPostprocessing = 0;
		};
		F2F46F451E0EB33E002222CA /* Resources */ = {
			isa = PBXResourcesBuildPhase;
			buildActionMask = 2147483647;
			files = (
			);
			runOnlyForDeploymentPostprocessing = 0;
		};
/* End PBXResourcesBuildPhase section */

/* Begin PBXSourcesBuildPhase section */
		F2F46F1F1E0EB33E002222CA /* Sources */ = {
			isa = PBXSourcesBuildPhase;
			buildActionMask = 2147483647;
			files = (
				F2F46F2E1E0EB33E002222CA /* ViewController.m in Sources */,
				F2F46F2B1E0EB33E002222CA /* AppDelegate.m in Sources */,
				F2F46F281E0EB33E002222CA /* main.m in Sources */,
				F2F46F5C1E0EB389002222CA /* TVPlaceholder.m in Sources */,
			);
			runOnlyForDeploymentPostprocessing = 0;
		};
		F2F46F381E0EB33E002222CA /* Sources */ = {
			isa = PBXSourcesBuildPhase;
			buildActionMask = 2147483647;
			files = (
				F2F46F411E0EB33E002222CA /* MultiLineTextFieldDemoTests.m in Sources */,
			);
			runOnlyForDeploymentPostprocessing = 0;
		};
		F2F46F431E0EB33E002222CA /* Sources */ = {
			isa = PBXSourcesBuildPhase;
			buildActionMask = 2147483647;
			files = (
				F2F46F4C1E0EB33E002222CA /* MultiLineTextFieldDemoUITests.m in Sources */,
			);
			runOnlyForDeploymentPostprocessing = 0;
		};
/* End PBXSourcesBuildPhase section */

/* Begin PBXTargetDependency section */
		F2F46F3E1E0EB33E002222CA /* PBXTargetDependency */ = {
			isa = PBXTargetDependency;
			target = F2F46F221E0EB33E002222CA /* MultiLineTextFieldDemo */;
			targetProxy = F2F46F3D1E0EB33E002222CA /* PBXContainerItemProxy */;
		};
		F2F46F491E0EB33E002222CA /* PBXTargetDependency */ = {
			isa = PBXTargetDependency;
			target = F2F46F221E0EB33E002222CA /* MultiLineTextFieldDemo */;
			targetProxy = F2F46F481E0EB33E002222CA /* PBXContainerItemProxy */;
		};
/* End PBXTargetDependency section */

/* Begin PBXVariantGroup section */
		F2F46F2F1E0EB33E002222CA /* Main.storyboard */ = {
			isa = PBXVariantGroup;
			children = (
				F2F46F301E0EB33E002222CA /* Base */,
			);
			name = Main.storyboard;
			sourceTree = "<group>";
		};
		F2F46F341E0EB33E002222CA /* LaunchScreen.storyboard */ = {
			isa = PBXVariantGroup;
			children = (
				F2F46F351E0EB33E002222CA /* Base */,
			);
			name = LaunchScreen.storyboard;
			sourceTree = "<group>";
		};
/* End PBXVariantGroup section */

/* Begin XCBuildConfiguration section */
		F2F46F4E1E0EB33E002222CA /* Debug */ = {
			isa = XCBuildConfiguration;
			buildSettings = {
				ALWAYS_SEARCH_USER_PATHS = NO;
				CLANG_ANALYZER_NONNULL = YES;
				CLANG_CXX_LANGUAGE_STANDARD = "gnu++0x";
				CLANG_CXX_LIBRARY = "libc++";
				CLANG_ENABLE_MODULES = YES;
				CLANG_ENABLE_OBJC_ARC = YES;
				CLANG_WARN_BOOL_CONVERSION = YES;
				CLANG_WARN_CONSTANT_CONVERSION = YES;
				CLANG_WARN_DIRECT_OBJC_ISA_USAGE = YES_ERROR;
				CLANG_WARN_DOCUMENTATION_COMMENTS = YES;
				CLANG_WARN_EMPTY_BODY = YES;
				CLANG_WARN_ENUM_CONVERSION = YES;
				CLANG_WARN_INFINITE_RECURSION = YES;
				CLANG_WARN_INT_CONVERSION = YES;
				CLANG_WARN_OBJC_ROOT_CLASS = YES_ERROR;
				CLANG_WARN_SUSPICIOUS_MOVES = YES;
				CLANG_WARN_UNREACHABLE_CODE = YES;
				CLANG_WARN__DUPLICATE_METHOD_MATCH = YES;
				"CODE_SIGN_IDENTITY[sdk=iphoneos*]" = "iPhone Developer";
				COPY_PHASE_STRIP = NO;
				DEBUG_INFORMATION_FORMAT = dwarf;
				ENABLE_STRICT_OBJC_MSGSEND = YES;
				ENABLE_TESTABILITY = YES;
				GCC_C_LANGUAGE_STANDARD = gnu99;
				GCC_DYNAMIC_NO_PIC = NO;
				GCC_NO_COMMON_BLOCKS = YES;
				GCC_OPTIMIZATION_LEVEL = 0;
				GCC_PREPROCESSOR_DEFINITIONS = (
					"DEBUG=1",
					"$(inherited)",
				);
				GCC_WARN_64_TO_32_BIT_CONVERSION = YES;
				GCC_WARN_ABOUT_RETURN_TYPE = YES_ERROR;
				GCC_WARN_UNDECLARED_SELECTOR = YES;
				GCC_WARN_UNINITIALIZED_AUTOS = YES_AGGRESSIVE;
				GCC_WARN_UNUSED_FUNCTION = YES;
				GCC_WARN_UNUSED_VARIABLE = YES;
				IPHONEOS_DEPLOYMENT_TARGET = 10.1;
				MTL_ENABLE_DEBUG_INFO = YES;
				ONLY_ACTIVE_ARCH = YES;
				SDKROOT = iphoneos;
				TARGETED_DEVICE_FAMILY = "1,2";
			};
			name = Debug;
		};
		F2F46F4F1E0EB33E002222CA /* Release */ = {
			isa = XCBuildConfiguration;
			buildSettings = {
				ALWAYS_SEARCH_USER_PATHS = NO;
				CLANG_ANALYZER_NONNULL = YES;
				CLANG_CXX_LANGUAGE_STANDARD = "gnu++0x";
				CLANG_CXX_LIBRARY = "libc++";
				CLANG_ENABLE_MODULES = YES;
				CLANG_ENABLE_OBJC_ARC = YES;
				CLANG_WARN_BOOL_CONVERSION = YES;
				CLANG_WARN_CONSTANT_CONVERSION = YES;
				CLANG_WARN_DIRECT_OBJC_ISA_USAGE = YES_ERROR;
				CLANG_WARN_DOCUMENTATION_COMMENTS = YES;
				CLANG_WARN_EMPTY_BODY = YES;
				CLANG_WARN_ENUM_CONVERSION = YES;
				CLANG_WARN_INFINITE_RECURSION = YES;
				CLANG_WARN_INT_CONVERSION = YES;
				CLANG_WARN_OBJC_ROOT_CLASS = YES_ERROR;
				CLANG_WARN_SUSPICIOUS_MOVES = YES;
				CLANG_WARN_UNREACHABLE_CODE = YES;
				CLANG_WARN__DUPLICATE_METHOD_MATCH = YES;
				"CODE_SIGN_IDENTITY[sdk=iphoneos*]" = "iPhone Developer";
				COPY_PHASE_STRIP = NO;
				DEBUG_INFORMATION_FORMAT = "dwarf-with-dsym";
				ENABLE_NS_ASSERTIONS = NO;
				ENABLE_STRICT_OBJC_MSGSEND = YES;
				GCC_C_LANGUAGE_STANDARD = gnu99;
				GCC_NO_COMMON_BLOCKS = YES;
				GCC_WARN_64_TO_32_BIT_CONVERSION = YES;
				GCC_WARN_ABOUT_RETURN_TYPE = YES_ERROR;
				GCC_WARN_UNDECLARED_SELECTOR = YES;
				GCC_WARN_UNINITIALIZED_AUTOS = YES_AGGRESSIVE;
				GCC_WARN_UNUSED_FUNCTION = YES;
				GCC_WARN_UNUSED_VARIABLE = YES;
				IPHONEOS_DEPLOYMENT_TARGET = 10.1;
				MTL_ENABLE_DEBUG_INFO = NO;
				SDKROOT = iphoneos;
				TARGETED_DEVICE_FAMILY = "1,2";
				VALIDATE_PRODUCT = YES;
			};
			name = Release;
		};
		F2F46F511E0EB33E002222CA /* Debug */ = {
			isa = XCBuildConfiguration;
			buildSettings = {
				ASSETCATALOG_COMPILER_APPICON_NAME = AppIcon;
				DEVELOPMENT_TEAM = 3G8327GJ7X;
				INFOPLIST_FILE = MultiLineTextFieldDemo/Info.plist;
				LD_RUNPATH_SEARCH_PATHS = "$(inherited) @executable_path/Frameworks";
				PRODUCT_BUNDLE_IDENTIFIER = ChenDongZhi.MultiLineTextFieldDemo;
				PRODUCT_NAME = "$(TARGET_NAME)";
			};
			name = Debug;
		};
		F2F46F521E0EB33E002222CA /* Release */ = {
			isa = XCBuildConfiguration;
			buildSettings = {
				ASSETCATALOG_COMPILER_APPICON_NAME = AppIcon;
				DEVELOPMENT_TEAM = 3G8327GJ7X;
				INFOPLIST_FILE = MultiLineTextFieldDemo/Info.plist;
				LD_RUNPATH_SEARCH_PATHS = "$(inherited) @executable_path/Frameworks";
				PRODUCT_BUNDLE_IDENTIFIER = ChenDongZhi.MultiLineTextFieldDemo;
				PRODUCT_NAME = "$(TARGET_NAME)";
			};
			name = Release;
		};
		F2F46F541E0EB33E002222CA /* Debug */ = {
			isa = XCBuildConfiguration;
			buildSettings = {
				BUNDLE_LOADER = "$(TEST_HOST)";
				DEVELOPMENT_TEAM = 3G8327GJ7X;
				INFOPLIST_FILE = MultiLineTextFieldDemoTests/Info.plist;
				LD_RUNPATH_SEARCH_PATHS = "$(inherited) @executable_path/Frameworks @loader_path/Frameworks";
				PRODUCT_BUNDLE_IDENTIFIER = ChenDongZhi.MultiLineTextFieldDemoTests;
				PRODUCT_NAME = "$(TARGET_NAME)";
				TEST_HOST = "$(BUILT_PRODUCTS_DIR)/MultiLineTextFieldDemo.app/MultiLineTextFieldDemo";
			};
			name = Debug;
		};
		F2F46F551E0EB33E002222CA /* Release */ = {
			isa = XCBuildConfiguration;
			buildSettings = {
				BUNDLE_LOADER = "$(TEST_HOST)";
				DEVELOPMENT_TEAM = 3G8327GJ7X;
				INFOPLIST_FILE = MultiLineTextFieldDemoTests/Info.plist;
				LD_RUNPATH_SEARCH_PATHS = "$(inherited) @executable_path/Frameworks @loader_path/Frameworks";
				PRODUCT_BUNDLE_IDENTIFIER = ChenDongZhi.MultiLineTextFieldDemoTests;
				PRODUCT_NAME = "$(TARGET_NAME)";
				TEST_HOST = "$(BUILT_PRODUCTS_DIR)/MultiLineTextFieldDemo.app/MultiLineTextFieldDemo";
			};
			name = Release;
		};
		F2F46F571E0EB33E002222CA /* Debug */ = {
			isa = XCBuildConfiguration;
			buildSettings = {
				DEVELOPMENT_TEAM = 3G8327GJ7X;
				INFOPLIST_FILE = MultiLineTextFieldDemoUITests/Info.plist;
				LD_RUNPATH_SEARCH_PATHS = "$(inherited) @executable_path/Frameworks @loader_path/Frameworks";
				PRODUCT_BUNDLE_IDENTIFIER = ChenDongZhi.MultiLineTextFieldDemoUITests;
				PRODUCT_NAME = "$(TARGET_NAME)";
				TEST_TARGET_NAME = MultiLineTextFieldDemo;
			};
			name = Debug;
		};
		F2F46F581E0EB33E002222CA /* Release */ = {
			isa = XCBuildConfiguration;
			buildSettings = {
				DEVELOPMENT_TEAM = 3G8327GJ7X;
				INFOPLIST_FILE = MultiLineTextFieldDemoUITests/Info.plist;
				LD_RUNPATH_SEARCH_PATHS = "$(inherited) @executable_path/Frameworks @loader_path/Frameworks";
				PRODUCT_BUNDLE_IDENTIFIER = ChenDongZhi.MultiLineTextFieldDemoUITests;
				PRODUCT_NAME = "$(TARGET_NAME)";
				TEST_TARGET_NAME = MultiLineTextFieldDemo;
			};
			name = Release;
		};
/* End XCBuildConfiguration section */

/* Begin XCConfigurationList section */
		F2F46F1E1E0EB33E002222CA /* Build configuration list for PBXProject "MultiLineTextFieldDemo" */ = {
			isa = XCConfigurationList;
			buildConfigurations = (
				F2F46F4E1E0EB33E002222CA /* Debug */,
				F2F46F4F1E0EB33E002222CA /* Release */,
			);
			defaultConfigurationIsVisible = 0;
			defaultConfigurationName = Release;
		};
		F2F46F501E0EB33E002222CA /* Build configuration list for PBXNativeTarget "MultiLineTextFieldDemo" */ = {
			isa = XCConfigurationList;
			buildConfigurations = (
				F2F46F511E0EB33E002222CA /* Debug */,
				F2F46F521E0EB33E002222CA /* Release */,
			);
			defaultConfigurationIsVisible = 0;
		};
		F2F46F531E0EB33E002222CA /* Build configuration list for PBXNativeTarget "MultiLineTextFieldDemoTests" */ = {
			isa = XCConfigurationList;
			buildConfigurations = (
				F2F46F541E0EB33E002222CA /* Debug */,
				F2F46F551E0EB33E002222CA /* Release */,
			);
			defaultConfigurationIsVisible = 0;
		};
		F2F46F561E0EB33E002222CA /* Build configuration list for PBXNativeTarget "MultiLineTextFieldDemoUITests" */ = {
			isa = XCConfigurationList;
			buildConfigurations = (
				F2F46F571E0EB33E002222CA /* Debug */,
				F2F46F581E0EB33E002222CA /* Release */,
			);
			defaultConfigurationIsVisible = 0;
		};
/* End XCConfigurationList section */
	};
	rootObject = F2F46F1B1E0EB33E002222CA /* Project object */;
}
